
Microsoft Visual Studio Solution File, Format Version 12.00
# Visual Studio Version 16
VisualStudioVersion = 16.0.31410.357
MinimumVisualStudioVersion = 10.0.40219.1
Project("{FAE04EC0-301F-11D3-BF4B-00C04F79EFBC}") = "myRemoteController.Android", "myRemoteController\myRemoteController.Android\myRemoteController.Android.csproj", "{8CC78F7A-1FA9-4B1B-8710-5992089C081C}"
EndProject
Project("{FAE04EC0-301F-11D3-BF4B-00C04F79EFBC}") = "myRemoteController.iOS", "myRemoteController\myRemoteController.iOS\myRemoteController.iOS.csproj", "{17219D3E-F9FD-4713-8B97-613F88037D79}"
EndProject
Project("{FAE04EC0-301F-11D3-BF4B-00C04F79EFBC}") = "myRemoteController", "myRemoteController\myRemoteController\myRemoteController.csproj", "{CC5CBEB6-FB0C-4987-9666-3640D6284404}"
EndProject
Global
	GlobalSection(SolutionConfigurationPlatforms) = preSolution
		Debug|Any CPU = Debug|Any CPU
		Debug|iPhone = Debug|iPhone
		Debug|iPhoneSimulator = Debug|iPhoneSimulator
		Release|Any CPU = Release|Any CPU
		Release|iPhone = Release|iPhone
		Release|iPhoneSimulator = Release|iPhoneSimulator
	EndGlobalSection
	GlobalSection(ProjectConfigurationPlatforms) = postSolution
		{8CC78F7A-1FA9-4B1B-8710-5992089C081C}.Debug|Any CPU.ActiveCfg = Debug|Any CPU
		{8CC78F7A-1FA9-4B1B-8710-5992089C081C}.Debug|Any CPU.Build.0 = Debug|Any CPU
		{8CC78F7A-1FA9-4B1B-8710-5992089C081C}.Debug|Any CPU.Deploy.0 = Debug|Any CPU
		{8CC78F7A-1FA9-4B1B-8710-5992089C081C}.Debug|iPhone.ActiveCfg = Debug|Any CPU
		{8CC78F7A-1FA9-4B1B-8710-5992089C081C}.Debug|iPhone.Build.0 = Debug|Any CPU
		{8CC78F7A-1FA9-4B1B-8710-5992089C081C}.Debug|iPhone.Deploy.0 = Debug|Any CPU
		{8CC78F7A-1FA9-4B1B-8710-5992089C081C}.Debug|iPhoneSimulator.ActiveCfg = Debug|Any CPU
		{8CC78F7A-1FA9-4B1B-8710-5992089C081C}.Debug|iPhoneSimulator.Build.0 = Debug|Any CPU
		{8CC78F7A-1FA9-4B1B-8710-5992089C081C}.Debug|iPhoneSimulator.Deploy.0 = Debug|Any CPU
		{8CC78F7A-1FA9-4B1B-8710-5992089C081C}.Release|Any CPU.ActiveCfg = Release|Any CPU
		{8CC78F7A-1FA9-4B1B-8710-5992089C081C}.Release|Any CPU.Build.0 = Release|Any CPU
		{8CC78F7A-1FA9-4B1B-8710-5992089C081C}.Release|Any CPU.Deploy.0 = Release|Any CPU
		{8CC78F7A-1FA9-4B1B-8710-5992089C081C}.Release|iPhone.ActiveCfg = Release|Any CPU
		{8CC78F7A-1FA9-4B1B-8710-5992089C081C}.Release|iPhone.Build.0 = Release|Any CPU
		{8CC78F7A-1FA9-4B1B-8710-5992089C081C}.Release|iPhone.Deploy.0 = Release|Any CPU
		{8CC78F7A-1FA9-4B1B-8710-5992089C081C}.Release|iPhoneSimulator.ActiveCfg = Release|Any CPU
		{8CC78F7A-1FA9-4B1B-8710-5992089C081C}.Release|iPhoneSimulator.Build.0 = Release|Any CPU
		{8CC78F7A-1FA9-4B1B-8710-5992089C081C}.Release|iPhoneSimulator.Deploy.0 = Release|Any CPU
		{17219D3E-F9FD-4713-8B97-613F88037D79}.Debug|Any CPU.ActiveCfg = Debug|iPhone
		{17219D3E-F9FD-4713-8B97-613F88037D79}.Debug|Any CPU.Build.0 = Debug|iPhone
		{17219D3E-F9FD-4713-8B97-613F88037D79}.Debug|Any CPU.Deploy.0 = Debug|iPhone
		{17219D3E-F9FD-4713-8B97-613F88037D79}.Debug|iPhone.ActiveCfg = Debug|iPhone
		{17219D3E-F9FD-4713-8B97-613F88037D79}.Debug|iPhone.Build.0 = Debug|iPhone
		{17219D3E-F9FD-4713-8B97-613F88037D79}.Debug|iPhone.Deploy.0 = Debug|iPhone
		{17219D3E-F9FD-4713-8B97-613F88037D79}.Debug|iPhoneSimulator.ActiveCfg = Debug|iPhoneSimulator
		{17219D3E-F9FD-4713-8B97-613F88037D79}.Debug|iPhoneSimulator.Build.0 = Debug|iPhoneSimulator
		{17219D3E-F9FD-4713-8B97-613F88037D79}.Debug|iPhoneSimulator.Deploy.0 = Debug|iPhoneSimulator
		{17219D3E-F9FD-4713-8B97-613F88037D79}.Release|Any CPU.ActiveCfg = Release|iPhoneSimulator
		{17219D3E-F9FD-4713-8B97-613F88037D79}.Release|Any CPU.Build.0 = Release|iPhoneSimulator
		{17219D3E-F9FD-4713-8B97-613F88037D79}.Release|Any CPU.Deploy.0 = Release|iPhoneSimulator
		{17219D3E-F9FD-4713-8B97-613F88037D79}.Release|iPhone.ActiveCfg = Release|iPhone
		{17219D3E-F9FD-4713-8B97-613F88037D79}.Release|iPhone.Build.0 = Release|iPhone
		{17219D3E-F9FD-4713-8B97-613F88037D79}.Release|iPhone.Deploy.0 = Release|iPhone
		{17219D3E-F9FD-4713-8B97-613F88037D79}.Release|iPhoneSimulator.ActiveCfg = Release|iPhoneSimulator
		{17219D3E-F9FD-4713-8B97-613F88037D79}.Release|iPhoneSimulator.Build.0 = Release|iPhoneSimulator
		{17219D3E-F9FD-4713-8B97-613F88037D79}.Release|iPhoneSimulator.Deploy.0 = Release|iPhoneSimulator
		{CC5CBEB6-FB0C-4987-9666-3640D6284404}.Debug|Any CPU.ActiveCfg = Debug|Any CPU
		{CC5CBEB6-FB0C-4987-9666-3640D6284404}.Debug|Any CPU.Build.0 = Debug|Any CPU
		{CC5CBEB6-FB0C-4987-9666-3640D6284404}.Debug|Any CPU.Deploy.0 = Debug|Any CPU
		{CC5CBEB6-FB0C-4987-9666-3640D6284404}.Debug|iPhone.ActiveCfg = Debug|Any CPU
		{CC5CBEB6-FB0C-4987-9666-3640D6284404}.Debug|iPhone.Build.0 = Debug|Any CPU
		{CC5CBEB6-FB0C-4987-9666-3640D6284404}.Debug|iPhone.Deploy.0 = Debug|Any CPU
		{CC5CBEB6-FB0C-4987-9666-3640D6284404}.Debug|iPhoneSimulator.ActiveCfg = Debug|Any CPU
		{CC5CBEB6-FB0C-4987-9666-3640D6284404}.Debug|iPhoneSimulator.Build.0 = Debug|Any CPU
		{CC5CBEB6-FB0C-4987-9666-3640D6284404}.Debug|iPhoneSimulator.Deploy.0 = Debug|Any CPU
		{CC5CBEB6-FB0C-4987-9666-3640D6284404}.Release|Any CPU.ActiveCfg = Release|Any CPU
		{CC5CBEB6-FB0C-4987-9666-3640D6284404}.Release|Any CPU.Build.0 = Release|Any CPU
		{CC5CBEB6-FB0C-4987-9666-3640D6284404}.Release|Any CPU.Deploy.0 = Release|Any CPU
		{CC5CBEB6-FB0C-4987-9666-3640D6284404}.Release|iPhone.ActiveCfg = Release|Any CPU
		{CC5CBEB6-FB0C-4987-9666-3640D6284404}.Release|iPhone.Build.0 = Release|Any CPU
		{CC5CBEB6-FB0C-4987-9666-3640D6284404}.Release|iPhone.Deploy.0 = Release|Any CPU
		{CC5CBEB6-FB0C-4987-9666-3640D6284404}.Release|iPhoneSimulator.ActiveCfg = Release|Any CPU
		{CC5CBEB6-FB0C-4987-9666-3640D6284404}.Release|iPhoneSimulator.Build.0 = Release|Any CPU
		{CC5CBEB6-FB0C-4987-9666-3640D6284404}.Release|iPhoneSimulator.Deploy.0 = Release|Any CPU
	EndGlobalSection
	GlobalSection(SolutionProperties) = preSolution
		HideSolutionNode = FALSE
	EndGlobalSection
	GlobalSection(ExtensibilityGlobals) = postSolution
		SolutionGuid = {D5437C40-4CF2-4C4E-AE0D-11458F9AB8F5}
	EndGlobalSection
EndGlobal
